
Microsoft Visual Studio Solution File, Format Version 12.00
# Visual Studio 14
VisualStudioVersion = 14.0.25420.1
MinimumVisualStudioVersion = 10.0.40219.1
Project("{FAE04EC0-301F-11D3-BF4B-00C04F79EFBC}") = "CE.Web", "CE.Web\CE.Web.csproj", "{E066290E-00AD-4CCF-B625-C63147144967}"
EndProject
Project("{2150E333-8FDC-42A3-9474-1A3956D46DE8}") = "Bootstrapper", "Bootstrapper", "{CC8EFD2A-73FD-46BC-858E-13180C72715D}"
EndProject
Project("{2150E333-8FDC-42A3-9474-1A3956D46DE8}") = "Data", "Data", "{77EC95BF-CCCE-4308-A7E5-B099BE21CC01}"
EndProject
Project("{2150E333-8FDC-42A3-9474-1A3956D46DE8}") = "Service", "Service", "{B803CE95-3AA7-4A8B-88EE-7A14DF4F9CA9}"
EndProject
Project("{2150E333-8FDC-42A3-9474-1A3956D46DE8}") = "Utils", "Utils", "{E3356C00-AEA2-41E1-8126-7C5D67541C3E}"
EndProject
Project("{FAE04EC0-301F-11D3-BF4B-00C04F79EFBC}") = "CE.Bootstrapper", "CE.Bootstrapper\CE.Bootstrapper.csproj", "{3AC62090-2AD6-4465-9F13-DA46F31BAB62}"
EndProject
Project("{FAE04EC0-301F-11D3-BF4B-00C04F79EFBC}") = "CE.Entity", "CE.Entity\CE.Entity.csproj", "{B7FEB011-F258-41F7-9ED8-6101757A2EC1}"
EndProject
Project("{FAE04EC0-301F-11D3-BF4B-00C04F79EFBC}") = "CE.Enum", "CE.Enum\CE.Enum.csproj", "{27B992EB-45A1-47A8-9E5B-CCD94018CC72}"
EndProject
Project("{FAE04EC0-301F-11D3-BF4B-00C04F79EFBC}") = "CE.Repository", "CE.Repository\CE.Repository.csproj", "{19502781-6142-4408-B491-20617A82A6F4}"
EndProject
Project("{FAE04EC0-301F-11D3-BF4B-00C04F79EFBC}") = "CE.Resource", "CE.Resource\CE.Resource.csproj", "{68548621-A187-404E-BB81-1DB44950B7DB}"
EndProject
Project("{FAE04EC0-301F-11D3-BF4B-00C04F79EFBC}") = "BGP.Utils.CacheManager", "BGP.Utils.CacheManager\BGP.Utils.CacheManager.csproj", "{5FC85296-94E5-4DDA-A352-3AF5A64D4C6F}"
EndProject
Project("{FAE04EC0-301F-11D3-BF4B-00C04F79EFBC}") = "BGP.Utils.CacheManager.MemoryCache", "BGP.Utils.CacheManager.MemoryCache\BGP.Utils.CacheManager.MemoryCache.csproj", "{A5AA1EDA-2D1F-48EA-AD8D-CB1770E704F8}"
EndProject
Project("{FAE04EC0-301F-11D3-BF4B-00C04F79EFBC}") = "BGP.Utils.Common", "BGP.Utils.Common\BGP.Utils.Common.csproj", "{7B686C98-A81C-4975-AB74-7C4E5460503A}"
EndProject
Project("{FAE04EC0-301F-11D3-BF4B-00C04F79EFBC}") = "BGP.Utils.Repository", "BGP.Utils.Repository\BGP.Utils.Repository.csproj", "{431876FD-EF47-43A6-B112-93223E82E474}"
EndProject
Project("{FAE04EC0-301F-11D3-BF4B-00C04F79EFBC}") = "BGP.Utils.Repository.EntityFramework", "BGP.Utils.Repository.EntityFramework\BGP.Utils.Repository.EntityFramework.csproj", "{61C0CCD8-DD0C-47D2-9AA8-1AD24C23B1EA}"
EndProject
Project("{FAE04EC0-301F-11D3-BF4B-00C04F79EFBC}") = "BGP.Utils.Repository.Mongo", "BGP.Utils.Repository.Mongo\BGP.Utils.Repository.Mongo.csproj", "{D06DFFB8-18DC-46FC-BE75-29CF83D6C467}"
EndProject
Project("{FAE04EC0-301F-11D3-BF4B-00C04F79EFBC}") = "BGP.Utils.Service", "BGP.Utils.Service\BGP.Utils.Service.csproj", "{22118F66-7382-4030-AE25-2834E5B30901}"
EndProject
Project("{FAE04EC0-301F-11D3-BF4B-00C04F79EFBC}") = "BGP.Utils.Service.EntityFramework", "BGP.Utils.Service.EntityFramework\BGP.Utils.Service.EntityFramework.csproj", "{A60F4594-4FE9-434F-9F49-C4445D45193A}"
EndProject
Project("{FAE04EC0-301F-11D3-BF4B-00C04F79EFBC}") = "BGP.Utils.Service.Mongo", "BGP.Utils.Service.Mongo\BGP.Utils.Service.Mongo.csproj", "{A53124AF-BEA5-48B7-AE1A-852540E99D97}"
EndProject
Project("{FAE04EC0-301F-11D3-BF4B-00C04F79EFBC}") = "CE.Dto", "CE.Dto\CE.Dto.csproj", "{069C3AEE-BF49-40C7-875A-C19D3C80152B}"
EndProject
Global
	GlobalSection(SolutionConfigurationPlatforms) = preSolution
		Debug|Any CPU = Debug|Any CPU
		Release|Any CPU = Release|Any CPU
	EndGlobalSection
	GlobalSection(ProjectConfigurationPlatforms) = postSolution
		{E066290E-00AD-4CCF-B625-C63147144967}.Debug|Any CPU.ActiveCfg = Debug|Any CPU
		{E066290E-00AD-4CCF-B625-C63147144967}.Debug|Any CPU.Build.0 = Debug|Any CPU
		{E066290E-00AD-4CCF-B625-C63147144967}.Release|Any CPU.ActiveCfg = Release|Any CPU
		{E066290E-00AD-4CCF-B625-C63147144967}.Release|Any CPU.Build.0 = Release|Any CPU
		{3AC62090-2AD6-4465-9F13-DA46F31BAB62}.Debug|Any CPU.ActiveCfg = Debug|Any CPU
		{3AC62090-2AD6-4465-9F13-DA46F31BAB62}.Debug|Any CPU.Build.0 = Debug|Any CPU
		{3AC62090-2AD6-4465-9F13-DA46F31BAB62}.Release|Any CPU.ActiveCfg = Release|Any CPU
		{3AC62090-2AD6-4465-9F13-DA46F31BAB62}.Release|Any CPU.Build.0 = Release|Any CPU
		{B7FEB011-F258-41F7-9ED8-6101757A2EC1}.Debug|Any CPU.ActiveCfg = Debug|Any CPU
		{B7FEB011-F258-41F7-9ED8-6101757A2EC1}.Debug|Any CPU.Build.0 = Debug|Any CPU
		{B7FEB011-F258-41F7-9ED8-6101757A2EC1}.Release|Any CPU.ActiveCfg = Release|Any CPU
		{B7FEB011-F258-41F7-9ED8-6101757A2EC1}.Release|Any CPU.Build.0 = Release|Any CPU
		{27B992EB-45A1-47A8-9E5B-CCD94018CC72}.Debug|Any CPU.ActiveCfg = Debug|Any CPU
		{27B992EB-45A1-47A8-9E5B-CCD94018CC72}.Debug|Any CPU.Build.0 = Debug|Any CPU
		{27B992EB-45A1-47A8-9E5B-CCD94018CC72}.Release|Any CPU.ActiveCfg = Release|Any CPU
		{27B992EB-45A1-47A8-9E5B-CCD94018CC72}.Release|Any CPU.Build.0 = Release|Any CPU
		{19502781-6142-4408-B491-20617A82A6F4}.Debug|Any CPU.ActiveCfg = Debug|Any CPU
		{19502781-6142-4408-B491-20617A82A6F4}.Debug|Any CPU.Build.0 = Debug|Any CPU
		{19502781-6142-4408-B491-20617A82A6F4}.Release|Any CPU.ActiveCfg = Release|Any CPU
		{19502781-6142-4408-B491-20617A82A6F4}.Release|Any CPU.Build.0 = Release|Any CPU
		{68548621-A187-404E-BB81-1DB44950B7DB}.Debug|Any CPU.ActiveCfg = Debug|Any CPU
		{68548621-A187-404E-BB81-1DB44950B7DB}.Debug|Any CPU.Build.0 = Debug|Any CPU
		{68548621-A187-404E-BB81-1DB44950B7DB}.Release|Any CPU.ActiveCfg = Release|Any CPU
		{68548621-A187-404E-BB81-1DB44950B7DB}.Release|Any CPU.Build.0 = Release|Any CPU
		{5FC85296-94E5-4DDA-A352-3AF5A64D4C6F}.Debug|Any CPU.ActiveCfg = Debug|Any CPU
		{5FC85296-94E5-4DDA-A352-3AF5A64D4C6F}.Debug|Any CPU.Build.0 = Debug|Any CPU
		{5FC85296-94E5-4DDA-A352-3AF5A64D4C6F}.Release|Any CPU.ActiveCfg = Release|Any CPU
		{5FC85296-94E5-4DDA-A352-3AF5A64D4C6F}.Release|Any CPU.Build.0 = Release|Any CPU
		{A5AA1EDA-2D1F-48EA-AD8D-CB1770E704F8}.Debug|Any CPU.ActiveCfg = Debug|Any CPU
		{A5AA1EDA-2D1F-48EA-AD8D-CB1770E704F8}.Debug|Any CPU.Build.0 = Debug|Any CPU
		{A5AA1EDA-2D1F-48EA-AD8D-CB1770E704F8}.Release|Any CPU.ActiveCfg = Release|Any CPU
		{A5AA1EDA-2D1F-48EA-AD8D-CB1770E704F8}.Release|Any CPU.Build.0 = Release|Any CPU
		{7B686C98-A81C-4975-AB74-7C4E5460503A}.Debug|Any CPU.ActiveCfg = Debug|Any CPU
		{7B686C98-A81C-4975-AB74-7C4E5460503A}.Debug|Any CPU.Build.0 = Debug|Any CPU
		{7B686C98-A81C-4975-AB74-7C4E5460503A}.Release|Any CPU.ActiveCfg = Release|Any CPU
		{7B686C98-A81C-4975-AB74-7C4E5460503A}.Release|Any CPU.Build.0 = Release|Any CPU
		{431876FD-EF47-43A6-B112-93223E82E474}.Debug|Any CPU.ActiveCfg = Debug|Any CPU
		{431876FD-EF47-43A6-B112-93223E82E474}.Debug|Any CPU.Build.0 = Debug|Any CPU
		{431876FD-EF47-43A6-B112-93223E82E474}.Release|Any CPU.ActiveCfg = Release|Any CPU
		{431876FD-EF47-43A6-B112-93223E82E474}.Release|Any CPU.Build.0 = Release|Any CPU
		{61C0CCD8-DD0C-47D2-9AA8-1AD24C23B1EA}.Debug|Any CPU.ActiveCfg = Debug|Any CPU
		{61C0CCD8-DD0C-47D2-9AA8-1AD24C23B1EA}.Debug|Any CPU.Build.0 = Debug|Any CPU
		{61C0CCD8-DD0C-47D2-9AA8-1AD24C23B1EA}.Release|Any CPU.ActiveCfg = Release|Any CPU
		{61C0CCD8-DD0C-47D2-9AA8-1AD24C23B1EA}.Release|Any CPU.Build.0 = Release|Any CPU
		{D06DFFB8-18DC-46FC-BE75-29CF83D6C467}.Debug|Any CPU.ActiveCfg = Debug|Any CPU
		{D06DFFB8-18DC-46FC-BE75-29CF83D6C467}.Debug|Any CPU.Build.0 = Debug|Any CPU
		{D06DFFB8-18DC-46FC-BE75-29CF83D6C467}.Release|Any CPU.ActiveCfg = Release|Any CPU
		{D06DFFB8-18DC-46FC-BE75-29CF83D6C467}.Release|Any CPU.Build.0 = Release|Any CPU
		{22118F66-7382-4030-AE25-2834E5B30901}.Debug|Any CPU.ActiveCfg = Debug|Any CPU
		{22118F66-7382-4030-AE25-2834E5B30901}.Debug|Any CPU.Build.0 = Debug|Any CPU
		{22118F66-7382-4030-AE25-2834E5B30901}.Release|Any CPU.ActiveCfg = Release|Any CPU
		{22118F66-7382-4030-AE25-2834E5B30901}.Release|Any CPU.Build.0 = Release|Any CPU
		{A60F4594-4FE9-434F-9F49-C4445D45193A}.Debug|Any CPU.ActiveCfg = Debug|Any CPU
		{A60F4594-4FE9-434F-9F49-C4445D45193A}.Debug|Any CPU.Build.0 = Debug|Any CPU
		{A60F4594-4FE9-434F-9F49-C4445D45193A}.Release|Any CPU.ActiveCfg = Release|Any CPU
		{A60F4594-4FE9-434F-9F49-C4445D45193A}.Release|Any CPU.Build.0 = Release|Any CPU
		{A53124AF-BEA5-48B7-AE1A-852540E99D97}.Debug|Any CPU.ActiveCfg = Debug|Any CPU
		{A53124AF-BEA5-48B7-AE1A-852540E99D97}.Debug|Any CPU.Build.0 = Debug|Any CPU
		{A53124AF-BEA5-48B7-AE1A-852540E99D97}.Release|Any CPU.ActiveCfg = Release|Any CPU
		{A53124AF-BEA5-48B7-AE1A-852540E99D97}.Release|Any CPU.Build.0 = Release|Any CPU
		{069C3AEE-BF49-40C7-875A-C19D3C80152B}.Debug|Any CPU.ActiveCfg = Debug|Any CPU
		{069C3AEE-BF49-40C7-875A-C19D3C80152B}.Debug|Any CPU.Build.0 = Debug|Any CPU
		{069C3AEE-BF49-40C7-875A-C19D3C80152B}.Release|Any CPU.ActiveCfg = Release|Any CPU
		{069C3AEE-BF49-40C7-875A-C19D3C80152B}.Release|Any CPU.Build.0 = Release|Any CPU
	EndGlobalSection
	GlobalSection(SolutionProperties) = preSolution
		HideSolutionNode = FALSE
	EndGlobalSection
	GlobalSection(NestedProjects) = preSolution
		{3AC62090-2AD6-4465-9F13-DA46F31BAB62} = {CC8EFD2A-73FD-46BC-858E-13180C72715D}
		{B7FEB011-F258-41F7-9ED8-6101757A2EC1} = {77EC95BF-CCCE-4308-A7E5-B099BE21CC01}
		{27B992EB-45A1-47A8-9E5B-CCD94018CC72} = {77EC95BF-CCCE-4308-A7E5-B099BE21CC01}
		{19502781-6142-4408-B491-20617A82A6F4} = {77EC95BF-CCCE-4308-A7E5-B099BE21CC01}
		{68548621-A187-404E-BB81-1DB44950B7DB} = {77EC95BF-CCCE-4308-A7E5-B099BE21CC01}
		{5FC85296-94E5-4DDA-A352-3AF5A64D4C6F} = {E3356C00-AEA2-41E1-8126-7C5D67541C3E}
		{A5AA1EDA-2D1F-48EA-AD8D-CB1770E704F8} = {E3356C00-AEA2-41E1-8126-7C5D67541C3E}
		{7B686C98-A81C-4975-AB74-7C4E5460503A} = {E3356C00-AEA2-41E1-8126-7C5D67541C3E}
		{431876FD-EF47-43A6-B112-93223E82E474} = {E3356C00-AEA2-41E1-8126-7C5D67541C3E}
		{61C0CCD8-DD0C-47D2-9AA8-1AD24C23B1EA} = {E3356C00-AEA2-41E1-8126-7C5D67541C3E}
		{D06DFFB8-18DC-46FC-BE75-29CF83D6C467} = {E3356C00-AEA2-41E1-8126-7C5D67541C3E}
		{22118F66-7382-4030-AE25-2834E5B30901} = {E3356C00-AEA2-41E1-8126-7C5D67541C3E}
		{A60F4594-4FE9-434F-9F49-C4445D45193A} = {E3356C00-AEA2-41E1-8126-7C5D67541C3E}
		{A53124AF-BEA5-48B7-AE1A-852540E99D97} = {E3356C00-AEA2-41E1-8126-7C5D67541C3E}
		{069C3AEE-BF49-40C7-875A-C19D3C80152B} = {77EC95BF-CCCE-4308-A7E5-B099BE21CC01}
	EndGlobalSection
EndGlobal
